
Microsoft Visual Studio Solution File, Format Version 12.00
# Visual Studio Version 17
VisualStudioVersion = 17.8.34511.84
MinimumVisualStudioVersion = 10.0.40219.1
Project("{8BC9CEB8-8B4A-11D0-8D11-00A0C91BC942}") = "Snail Engine", "Snail Engine.vcxproj", "{E3E6C00F-DD45-43BE-AEC7-EE295CD06408}"
EndProject
Global
	GlobalSection(SolutionConfigurationPlatforms) = preSolution
		Debug|x64 = Debug|x64
		Debug|x86 = Debug|x86
		Release|x64 = Release|x64
		Release|x86 = Release|x86
	EndGlobalSection
	GlobalSection(ProjectConfigurationPlatforms) = postSolution
		{E3E6C00F-DD45-43BE-AEC7-EE295CD06408}.Debug|x64.ActiveCfg = Debug|x64
		{E3E6C00F-DD45-43BE-AEC7-EE295CD06408}.Debug|x64.Build.0 = Debug|x64
		{E3E6C00F-DD45-43BE-AEC7-EE295CD06408}.Debug|x86.ActiveCfg = Debug|Win32
		{E3E6C00F-DD45-43BE-AEC7-EE295CD06408}.Debug|x86.Build.0 = Debug|Win32
		{E3E6C00F-DD45-43BE-AEC7-EE295CD06408}.Release|x64.ActiveCfg = Release|x64
		{E3E6C00F-DD45-43BE-AEC7-EE295CD06408}.Release|x64.Build.0 = Release|x64
		{E3E6C00F-DD45-43BE-AEC7-EE295CD06408}.Release|x86.ActiveCfg = Release|Win32
		{E3E6C00F-DD45-43BE-AEC7-EE295CD06408}.Release|x86.Build.0 = Release|Win32
	EndGlobalSection
	GlobalSection(SolutionProperties) = preSolution
		HideSolutionNode = FALSE
	EndGlobalSection
	GlobalSection(ExtensibilityGlobals) = postSolution
		SolutionGuid = {21D62B1E-2AC3-4DEA-9664-E99E102A9E2C}
	EndGlobalSection
EndGlobal
